// !$*UTF8*$!
{
	archiveVersion = 1;
	classes = {
	};
	objectVersion = 50;
	objects = {

/* Begin PBXBuildFile section */
		3F76B689224D0E7400A79B63 /* SubscriberCollectionCell.swift in Sources */ = {isa = PBXBuildFile; fileRef = 3F76B688224D0E7400A79B63 /* SubscriberCollectionCell.swift */; };
		3F76B68E224D23D800A79B63 /* DatingRoomLayout.swift in Sources */ = {isa = PBXBuildFile; fileRef = 3F76B68D224D23D800A79B63 /* DatingRoomLayout.swift */; };
		3F76B690224D2FCD00A79B63 /* OpenTokSessionClient.swift in Sources */ = {isa = PBXBuildFile; fileRef = 3F76B68F224D2FCD00A79B63 /* OpenTokSessionClient.swift */; };
		A0A0A80BC89D4F5CBBAFA85B /* Pods_HotSeat.framework in Frameworks */ = {isa = PBXBuildFile; fileRef = D3ABB495AA23C3D1C278AA4B /* Pods_HotSeat.framework */; };
		FD7F7AD6224C391A005CF0FC /* AppDelegate.swift in Sources */ = {isa = PBXBuildFile; fileRef = FD7F7AD5224C391A005CF0FC /* AppDelegate.swift */; };
		FD7F7AD8224C391A005CF0FC /* FirstViewController.swift in Sources */ = {isa = PBXBuildFile; fileRef = FD7F7AD7224C391A005CF0FC /* FirstViewController.swift */; };
		FD7F7ADA224C391A005CF0FC /* DatingRoomViewController.swift in Sources */ = {isa = PBXBuildFile; fileRef = FD7F7AD9224C391A005CF0FC /* DatingRoomViewController.swift */; };
		FD7F7ADD224C391A005CF0FC /* Main.storyboard in Resources */ = {isa = PBXBuildFile; fileRef = FD7F7ADB224C391A005CF0FC /* Main.storyboard */; };
		FD7F7ADF224C391C005CF0FC /* Assets.xcassets in Resources */ = {isa = PBXBuildFile; fileRef = FD7F7ADE224C391C005CF0FC /* Assets.xcassets */; };
		FD7F7AE2224C391C005CF0FC /* LaunchScreen.storyboard in Resources */ = {isa = PBXBuildFile; fileRef = FD7F7AE0224C391C005CF0FC /* LaunchScreen.storyboard */; };
/* End PBXBuildFile section */

/* Begin PBXFileReference section */
		06D35959BEA1A628BB1DF187 /* Pods-HotSeat.debug.xcconfig */ = {isa = PBXFileReference; includeInIndex = 1; lastKnownFileType = text.xcconfig; name = "Pods-HotSeat.debug.xcconfig"; path = "Pods/Target Support Files/Pods-HotSeat/Pods-HotSeat.debug.xcconfig"; sourceTree = "<group>"; };
		32F68696ACCE296E0C6BA328 /* Pods-HotSeat.release.xcconfig */ = {isa = PBXFileReference; includeInIndex = 1; lastKnownFileType = text.xcconfig; name = "Pods-HotSeat.release.xcconfig"; path = "Pods/Target Support Files/Pods-HotSeat/Pods-HotSeat.release.xcconfig"; sourceTree = "<group>"; };
		3F76B688224D0E7400A79B63 /* SubscriberCollectionCell.swift */ = {isa = PBXFileReference; lastKnownFileType = sourcecode.swift; path = SubscriberCollectionCell.swift; sourceTree = "<group>"; };
		3F76B68D224D23D800A79B63 /* DatingRoomLayout.swift */ = {isa = PBXFileReference; lastKnownFileType = sourcecode.swift; path = DatingRoomLayout.swift; sourceTree = "<group>"; };
		3F76B68F224D2FCD00A79B63 /* OpenTokSessionClient.swift */ = {isa = PBXFileReference; lastKnownFileType = sourcecode.swift; path = OpenTokSessionClient.swift; sourceTree = "<group>"; };
		D3ABB495AA23C3D1C278AA4B /* Pods_HotSeat.framework */ = {isa = PBXFileReference; explicitFileType = wrapper.framework; includeInIndex = 0; path = Pods_HotSeat.framework; sourceTree = BUILT_PRODUCTS_DIR; };
		FD7F7AD2224C391A005CF0FC /* HotSeat.app */ = {isa = PBXFileReference; explicitFileType = wrapper.application; includeInIndex = 0; path = HotSeat.app; sourceTree = BUILT_PRODUCTS_DIR; };
		FD7F7AD5224C391A005CF0FC /* AppDelegate.swift */ = {isa = PBXFileReference; lastKnownFileType = sourcecode.swift; path = AppDelegate.swift; sourceTree = "<group>"; };
		FD7F7AD7224C391A005CF0FC /* FirstViewController.swift */ = {isa = PBXFileReference; lastKnownFileType = sourcecode.swift; path = FirstViewController.swift; sourceTree = "<group>"; };
		FD7F7AD9224C391A005CF0FC /* DatingRoomViewController.swift */ = {isa = PBXFileReference; lastKnownFileType = sourcecode.swift; path = DatingRoomViewController.swift; sourceTree = "<group>"; };
		FD7F7ADC224C391A005CF0FC /* Base */ = {isa = PBXFileReference; lastKnownFileType = file.storyboard; name = Base; path = Base.lproj/Main.storyboard; sourceTree = "<group>"; };
		FD7F7ADE224C391C005CF0FC /* Assets.xcassets */ = {isa = PBXFileReference; lastKnownFileType = folder.assetcatalog; path = Assets.xcassets; sourceTree = "<group>"; };
		FD7F7AE1224C391C005CF0FC /* Base */ = {isa = PBXFileReference; lastKnownFileType = file.storyboard; name = Base; path = Base.lproj/LaunchScreen.storyboard; sourceTree = "<group>"; };
		FD7F7AE3224C391C005CF0FC /* Info.plist */ = {isa = PBXFileReference; lastKnownFileType = text.plist.xml; path = Info.plist; sourceTree = "<group>"; };
/* End PBXFileReference section */

/* Begin PBXFrameworksBuildPhase section */
		FD7F7ACF224C391A005CF0FC /* Frameworks */ = {
			isa = PBXFrameworksBuildPhase;
			buildActionMask = 2147483647;
			files = (
				A0A0A80BC89D4F5CBBAFA85B /* Pods_HotSeat.framework in Frameworks */,
			);
			runOnlyForDeploymentPostprocessing = 0;
		};
/* End PBXFrameworksBuildPhase section */

/* Begin PBXGroup section */
		3F76B68A224D0E9600A79B63 /* SubscriberViewUIComponents */ = {
			isa = PBXGroup;
			children = (
				3F76B688224D0E7400A79B63 /* SubscriberCollectionCell.swift */,
			);
			path = SubscriberViewUIComponents;
			sourceTree = "<group>";
		};
		73889A6D6F5D67F387B623C0 /* Frameworks */ = {
			isa = PBXGroup;
			children = (
				D3ABB495AA23C3D1C278AA4B /* Pods_HotSeat.framework */,
			);
			name = Frameworks;
			sourceTree = "<group>";
		};
		9BB060A3A9F62DB2E92DAAFB /* Pods */ = {
			isa = PBXGroup;
			children = (
				06D35959BEA1A628BB1DF187 /* Pods-HotSeat.debug.xcconfig */,
				32F68696ACCE296E0C6BA328 /* Pods-HotSeat.release.xcconfig */,
			);
			name = Pods;
			sourceTree = "<group>";
		};
		FD7F7AC9224C391A005CF0FC = {
			isa = PBXGroup;
			children = (
				FD7F7AD4224C391A005CF0FC /* HotSeat */,
				FD7F7AD3224C391A005CF0FC /* Products */,
				9BB060A3A9F62DB2E92DAAFB /* Pods */,
				73889A6D6F5D67F387B623C0 /* Frameworks */,
			);
			sourceTree = "<group>";
		};
		FD7F7AD3224C391A005CF0FC /* Products */ = {
			isa = PBXGroup;
			children = (
				FD7F7AD2224C391A005CF0FC /* HotSeat.app */,
			);
			name = Products;
			sourceTree = "<group>";
		};
		FD7F7AD4224C391A005CF0FC /* HotSeat */ = {
			isa = PBXGroup;
			children = (
				3F76B68A224D0E9600A79B63 /* SubscriberViewUIComponents */,
				FD7F7AD5224C391A005CF0FC /* AppDelegate.swift */,
				FD7F7AD7224C391A005CF0FC /* FirstViewController.swift */,
				FD7F7AD9224C391A005CF0FC /* DatingRoomViewController.swift */,
				FD7F7ADB224C391A005CF0FC /* Main.storyboard */,
				FD7F7ADE224C391C005CF0FC /* Assets.xcassets */,
				FD7F7AE0224C391C005CF0FC /* LaunchScreen.storyboard */,
				FD7F7AE3224C391C005CF0FC /* Info.plist */,
				3F76B68D224D23D800A79B63 /* DatingRoomLayout.swift */,
				3F76B68F224D2FCD00A79B63 /* OpenTokSessionClient.swift */,
			);
			path = HotSeat;
			sourceTree = "<group>";
		};
/* End PBXGroup section */

/* Begin PBXNativeTarget section */
		FD7F7AD1224C391A005CF0FC /* HotSeat */ = {
			isa = PBXNativeTarget;
			buildConfigurationList = FD7F7AE6224C391C005CF0FC /* Build configuration list for PBXNativeTarget "HotSeat" */;
			buildPhases = (
				A0D37003FE4D451716CAC199 /* [CP] Check Pods Manifest.lock */,
				FD7F7ACE224C391A005CF0FC /* Sources */,
				FD7F7ACF224C391A005CF0FC /* Frameworks */,
				FD7F7AD0224C391A005CF0FC /* Resources */,
			);
			buildRules = (
			);
			dependencies = (
			);
			name = HotSeat;
			productName = HotSeat;
			productReference = FD7F7AD2224C391A005CF0FC /* HotSeat.app */;
			productType = "com.apple.product-type.application";
		};
/* End PBXNativeTarget section */

/* Begin PBXProject section */
		FD7F7ACA224C391A005CF0FC /* Project object */ = {
			isa = PBXProject;
			attributes = {
				LastSwiftUpdateCheck = 1020;
				LastUpgradeCheck = 1020;
				ORGANIZATIONNAME = "Miguel Salinas";
				TargetAttributes = {
					FD7F7AD1224C391A005CF0FC = {
						CreatedOnToolsVersion = 10.2;
					};
				};
			};
			buildConfigurationList = FD7F7ACD224C391A005CF0FC /* Build configuration list for PBXProject "HotSeat" */;
			compatibilityVersion = "Xcode 9.3";
			developmentRegion = en;
			hasScannedForEncodings = 0;
			knownRegions = (
				en,
				Base,
			);
			mainGroup = FD7F7AC9224C391A005CF0FC;
			productRefGroup = FD7F7AD3224C391A005CF0FC /* Products */;
			projectDirPath = "";
			projectRoot = "";
			targets = (
				FD7F7AD1224C391A005CF0FC /* HotSeat */,
			);
		};
/* End PBXProject section */

/* Begin PBXResourcesBuildPhase section */
		FD7F7AD0224C391A005CF0FC /* Resources */ = {
			isa = PBXResourcesBuildPhase;
			buildActionMask = 2147483647;
			files = (
				FD7F7AE2224C391C005CF0FC /* LaunchScreen.storyboard in Resources */,
				FD7F7ADF224C391C005CF0FC /* Assets.xcassets in Resources */,
				FD7F7ADD224C391A005CF0FC /* Main.storyboard in Resources */,
			);
			runOnlyForDeploymentPostprocessing = 0;
		};
/* End PBXResourcesBuildPhase section */

/* Begin PBXShellScriptBuildPhase section */
		A0D37003FE4D451716CAC199 /* [CP] Check Pods Manifest.lock */ = {
			isa = PBXShellScriptBuildPhase;
			buildActionMask = 2147483647;
			files = (
			);
			inputPaths = (
				"${PODS_PODFILE_DIR_PATH}/Podfile.lock",
				"${PODS_ROOT}/Manifest.lock",
			);
			name = "[CP] Check Pods Manifest.lock";
			outputPaths = (
				"$(DERIVED_FILE_DIR)/Pods-HotSeat-checkManifestLockResult.txt",
			);
			runOnlyForDeploymentPostprocessing = 0;
			shellPath = /bin/sh;
			shellScript = "diff \"${PODS_PODFILE_DIR_PATH}/Podfile.lock\" \"${PODS_ROOT}/Manifest.lock\" > /dev/null\nif [ $? != 0 ] ; then\n    # print error to STDERR\n    echo \"error: The sandbox is not in sync with the Podfile.lock. Run 'pod install' or update your CocoaPods installation.\" >&2\n    exit 1\nfi\n# This output is used by Xcode 'outputs' to avoid re-running this script phase.\necho \"SUCCESS\" > \"${SCRIPT_OUTPUT_FILE_0}\"\n";
			showEnvVarsInLog = 0;
		};
/* End PBXShellScriptBuildPhase section */

/* Begin PBXSourcesBuildPhase section */
		FD7F7ACE224C391A005CF0FC /* Sources */ = {
			isa = PBXSourcesBuildPhase;
			buildActionMask = 2147483647;
			files = (
				3F76B68E224D23D800A79B63 /* DatingRoomLayout.swift in Sources */,
				FD7F7ADA224C391A005CF0FC /* DatingRoomViewController.swift in Sources */,
				3F76B689224D0E7400A79B63 /* SubscriberCollectionCell.swift in Sources */,
				3F76B690224D2FCD00A79B63 /* OpenTokSessionClient.swift in Sources */,
				FD7F7AD6224C391A005CF0FC /* AppDelegate.swift in Sources */,
				FD7F7AD8224C391A005CF0FC /* FirstViewController.swift in Sources */,
			);
			runOnlyForDeploymentPostprocessing = 0;
		};
/* End PBXSourcesBuildPhase section */

/* Begin PBXVariantGroup section */
		FD7F7ADB224C391A005CF0FC /* Main.storyboard */ = {
			isa = PBXVariantGroup;
			children = (
				FD7F7ADC224C391A005CF0FC /* Base */,
			);
			name = Main.storyboard;
			sourceTree = "<group>";
		};
		FD7F7AE0224C391C005CF0FC /* LaunchScreen.storyboard */ = {
			isa = PBXVariantGroup;
			children = (
				FD7F7AE1224C391C005CF0FC /* Base */,
			);
			name = LaunchScreen.storyboard;
			sourceTree = "<group>";
		};
/* End PBXVariantGroup section */

/* Begin XCBuildConfiguration section */
		FD7F7AE4224C391C005CF0FC /* Debug */ = {
			isa = XCBuildConfiguration;
			buildSettings = {
				ALWAYS_SEARCH_USER_PATHS = NO;
				CLANG_ANALYZER_NONNULL = YES;
				CLANG_ANALYZER_NUMBER_OBJECT_CONVERSION = YES_AGGRESSIVE;
				CLANG_CXX_LANGUAGE_STANDARD = "gnu++14";
				CLANG_CXX_LIBRARY = "libc++";
				CLANG_ENABLE_MODULES = YES;
				CLANG_ENABLE_OBJC_ARC = YES;
				CLANG_ENABLE_OBJC_WEAK = YES;
				CLANG_WARN_BLOCK_CAPTURE_AUTORELEASING = YES;
				CLANG_WARN_BOOL_CONVERSION = YES;
				CLANG_WARN_COMMA = YES;
				CLANG_WARN_CONSTANT_CONVERSION = YES;
				CLANG_WARN_DEPRECATED_OBJC_IMPLEMENTATIONS = YES;
				CLANG_WARN_DIRECT_OBJC_ISA_USAGE = YES_ERROR;
				CLANG_WARN_DOCUMENTATION_COMMENTS = YES;
				CLANG_WARN_EMPTY_BODY = YES;
				CLANG_WARN_ENUM_CONVERSION = YES;
				CLANG_WARN_INFINITE_RECURSION = YES;
				CLANG_WARN_INT_CONVERSION = YES;
				CLANG_WARN_NON_LITERAL_NULL_CONVERSION = YES;
				CLANG_WARN_OBJC_IMPLICIT_RETAIN_SELF = YES;
				CLANG_WARN_OBJC_LITERAL_CONVERSION = YES;
				CLANG_WARN_OBJC_ROOT_CLASS = YES_ERROR;
				CLANG_WARN_RANGE_LOOP_ANALYSIS = YES;
				CLANG_WARN_STRICT_PROTOTYPES = YES;
				CLANG_WARN_SUSPICIOUS_MOVE = YES;
				CLANG_WARN_UNGUARDED_AVAILABILITY = YES_AGGRESSIVE;
				CLANG_WARN_UNREACHABLE_CODE = YES;
				CLANG_WARN__DUPLICATE_METHOD_MATCH = YES;
				CODE_SIGN_IDENTITY = "iPhone Developer";
				COPY_PHASE_STRIP = NO;
				DEBUG_INFORMATION_FORMAT = dwarf;
				ENABLE_STRICT_OBJC_MSGSEND = YES;
				ENABLE_TESTABILITY = YES;
				GCC_C_LANGUAGE_STANDARD = gnu11;
				GCC_DYNAMIC_NO_PIC = NO;
				GCC_NO_COMMON_BLOCKS = YES;
				GCC_OPTIMIZATION_LEVEL = 0;
				GCC_PREPROCESSOR_DEFINITIONS = (
					"DEBUG=1",
					"$(inherited)",
				);
				GCC_WARN_64_TO_32_BIT_CONVERSION = YES;
				GCC_WARN_ABOUT_RETURN_TYPE = YES_ERROR;
				GCC_WARN_UNDECLARED_SELECTOR = YES;
				GCC_WARN_UNINITIALIZED_AUTOS = YES_AGGRESSIVE;
				GCC_WARN_UNUSED_FUNCTION = YES;
				GCC_WARN_UNUSED_VARIABLE = YES;
				IPHONEOS_DEPLOYMENT_TARGET = 12.2;
				MTL_ENABLE_DEBUG_INFO = INCLUDE_SOURCE;
				MTL_FAST_MATH = YES;
				ONLY_ACTIVE_ARCH = YES;
				SDKROOT = iphoneos;
				SWIFT_ACTIVE_COMPILATION_CONDITIONS = DEBUG;
				SWIFT_OPTIMIZATION_LEVEL = "-Onone";
			};
			name = Debug;
		};
		FD7F7AE5224C391C005CF0FC /* Release */ = {
			isa = XCBuildConfiguration;
			buildSettings = {
				ALWAYS_SEARCH_USER_PATHS = NO;
				CLANG_ANALYZER_NONNULL = YES;
				CLANG_ANALYZER_NUMBER_OBJECT_CONVERSION = YES_AGGRESSIVE;
				CLANG_CXX_LANGUAGE_STANDARD = "gnu++14";
				CLANG_CXX_LIBRARY = "libc++";
				CLANG_ENABLE_MODULES = YES;
				CLANG_ENABLE_OBJC_ARC = YES;
				CLANG_ENABLE_OBJC_WEAK = YES;
				CLANG_WARN_BLOCK_CAPTURE_AUTORELEASING = YES;
				CLANG_WARN_BOOL_CONVERSION = YES;
				CLANG_WARN_COMMA = YES;
				CLANG_WARN_CONSTANT_CONVERSION = YES;
				CLANG_WARN_DEPRECATED_OBJC_IMPLEMENTATIONS = YES;
				CLANG_WARN_DIRECT_OBJC_ISA_USAGE = YES_ERROR;
				CLANG_WARN_DOCUMENTATION_COMMENTS = YES;
				CLANG_WARN_EMPTY_BODY = YES;
				CLANG_WARN_ENUM_CONVERSION = YES;
				CLANG_WARN_INFINITE_RECURSION = YES;
				CLANG_WARN_INT_CONVERSION = YES;
				CLANG_WARN_NON_LITERAL_NULL_CONVERSION = YES;
				CLANG_WARN_OBJC_IMPLICIT_RETAIN_SELF = YES;
				CLANG_WARN_OBJC_LITERAL_CONVERSION = YES;
				CLANG_WARN_OBJC_ROOT_CLASS = YES_ERROR;
				CLANG_WARN_RANGE_LOOP_ANALYSIS = YES;
				CLANG_WARN_STRICT_PROTOTYPES = YES;
				CLANG_WARN_SUSPICIOUS_MOVE = YES;
				CLANG_WARN_UNGUARDED_AVAILABILITY = YES_AGGRESSIVE;
				CLANG_WARN_UNREACHABLE_CODE = YES;
				CLANG_WARN__DUPLICATE_METHOD_MATCH = YES;
				CODE_SIGN_IDENTITY = "iPhone Developer";
				COPY_PHASE_STRIP = NO;
				DEBUG_INFORMATION_FORMAT = "dwarf-with-dsym";
				ENABLE_NS_ASSERTIONS = NO;
				ENABLE_STRICT_OBJC_MSGSEND = YES;
				GCC_C_LANGUAGE_STANDARD = gnu11;
				GCC_NO_COMMON_BLOCKS = YES;
				GCC_WARN_64_TO_32_BIT_CONVERSION = YES;
				GCC_WARN_ABOUT_RETURN_TYPE = YES_ERROR;
				GCC_WARN_UNDECLARED_SELECTOR = YES;
				GCC_WARN_UNINITIALIZED_AUTOS = YES_AGGRESSIVE;
				GCC_WARN_UNUSED_FUNCTION = YES;
				GCC_WARN_UNUSED_VARIABLE = YES;
				IPHONEOS_DEPLOYMENT_TARGET = 12.2;
				MTL_ENABLE_DEBUG_INFO = NO;
				MTL_FAST_MATH = YES;
				SDKROOT = iphoneos;
				SWIFT_COMPILATION_MODE = wholemodule;
				SWIFT_OPTIMIZATION_LEVEL = "-O";
				VALIDATE_PRODUCT = YES;
			};
			name = Release;
		};
		FD7F7AE7224C391C005CF0FC /* Debug */ = {
			isa = XCBuildConfiguration;
			baseConfigurationReference = 06D35959BEA1A628BB1DF187 /* Pods-HotSeat.debug.xcconfig */;
			buildSettings = {
				ASSETCATALOG_COMPILER_APPICON_NAME = AppIcon;
				CODE_SIGN_IDENTITY = "iPhone Developer";
				CODE_SIGN_STYLE = Automatic;
				DEVELOPMENT_TEAM = 79MDW22ZFZ;
				INFOPLIST_FILE = HotSeat/Info.plist;
				IPHONEOS_DEPLOYMENT_TARGET = 11.4;
				LD_RUNPATH_SEARCH_PATHS = (
					"$(inherited)",
					"@executable_path/Frameworks",
				);
				PRODUCT_BUNDLE_IDENTIFIER = "com.connect-llc.hotseat";
				PRODUCT_NAME = "$(TARGET_NAME)";
				PROVISIONING_PROFILE_SPECIFIER = "";
				SWIFT_VERSION = 4.2;
				TARGETED_DEVICE_FAMILY = "1,2";
			};
			name = Debug;
		};
		FD7F7AE8224C391C005CF0FC /* Release */ = {
			isa = XCBuildConfiguration;
			baseConfigurationReference = 32F68696ACCE296E0C6BA328 /* Pods-HotSeat.release.xcconfig */;
			buildSettings = {
				ASSETCATALOG_COMPILER_APPICON_NAME = AppIcon;
				CODE_SIGN_IDENTITY = "iPhone Developer";
				CODE_SIGN_STYLE = Automatic;
				DEVELOPMENT_TEAM = 79MDW22ZFZ;
				INFOPLIST_FILE = HotSeat/Info.plist;
				IPHONEOS_DEPLOYMENT_TARGET = 11.4;
				LD_RUNPATH_SEARCH_PATHS = (
					"$(inherited)",
					"@executable_path/Frameworks",
				);
				PRODUCT_BUNDLE_IDENTIFIER = "com.connect-llc.hotseat";
				PRODUCT_NAME = "$(TARGET_NAME)";
				PROVISIONING_PROFILE_SPECIFIER = "";
				SWIFT_VERSION = 4.2;
				TARGETED_DEVICE_FAMILY = "1,2";
			};
			name = Release;
		};
/* End XCBuildConfiguration section */

/* Begin XCConfigurationList section */
		FD7F7ACD224C391A005CF0FC /* Build configuration list for PBXProject "HotSeat" */ = {
			isa = XCConfigurationList;
			buildConfigurations = (
				FD7F7AE4224C391C005CF0FC /* Debug */,
				FD7F7AE5224C391C005CF0FC /* Release */,
			);
			defaultConfigurationIsVisible = 0;
			defaultConfigurationName = Release;
		};
		FD7F7AE6224C391C005CF0FC /* Build configuration list for PBXNativeTarget "HotSeat" */ = {
			isa = XCConfigurationList;
			buildConfigurations = (
				FD7F7AE7224C391C005CF0FC /* Debug */,
				FD7F7AE8224C391C005CF0FC /* Release */,
			);
			defaultConfigurationIsVisible = 0;
			defaultConfigurationName = Release;
		};
/* End XCConfigurationList section */
	};
	rootObject = FD7F7ACA224C391A005CF0FC /* Project object */;
}
