// !$*UTF8*$!
{
	archiveVersion = 1;
	classes = {
	};
	objectVersion = 50;
	objects = {

/* Begin PBXBuildFile section */
		8846D074CECA2B6835238FF7 /* Pods_HotSeat.framework in Frameworks */ = {isa = PBXBuildFile; fileRef = 9B64756C993C189541D5A05F /* Pods_HotSeat.framework */; };
		FD4376C7224D0EB200ED20B5 /* ChatRoomViewController.swift in Sources */ = {isa = PBXBuildFile; fileRef = FD4376C6224D0EB200ED20B5 /* ChatRoomViewController.swift */; };
		FD4376CB224D33AA00ED20B5 /* ChatViewDataSource.swift in Sources */ = {isa = PBXBuildFile; fileRef = FD4376CA224D33AA00ED20B5 /* ChatViewDataSource.swift */; };
		FD4376CD224D4E4300ED20B5 /* CardsDataSource.swift in Sources */ = {isa = PBXBuildFile; fileRef = FD4376CC224D4E4300ED20B5 /* CardsDataSource.swift */; };
		FD4376CF224D848B00ED20B5 /* OpenTokSessionClient.swift in Sources */ = {isa = PBXBuildFile; fileRef = FD4376CE224D848B00ED20B5 /* OpenTokSessionClient.swift */; };
		FD4376D3224D84A100ED20B5 /* SubscriberCollectionCell.swift in Sources */ = {isa = PBXBuildFile; fileRef = FD4376D1224D84A100ED20B5 /* SubscriberCollectionCell.swift */; };
		FD4376D4224D84A100ED20B5 /* SubscriberCollectionCellView.xib in Resources */ = {isa = PBXBuildFile; fileRef = FD4376D2224D84A100ED20B5 /* SubscriberCollectionCellView.xib */; };
		FD7F7AD6224C391A005CF0FC /* AppDelegate.swift in Sources */ = {isa = PBXBuildFile; fileRef = FD7F7AD5224C391A005CF0FC /* AppDelegate.swift */; };
		FD7F7ADD224C391A005CF0FC /* Main.storyboard in Resources */ = {isa = PBXBuildFile; fileRef = FD7F7ADB224C391A005CF0FC /* Main.storyboard */; };
		FD7F7ADF224C391C005CF0FC /* Assets.xcassets in Resources */ = {isa = PBXBuildFile; fileRef = FD7F7ADE224C391C005CF0FC /* Assets.xcassets */; };
		FD7F7AE2224C391C005CF0FC /* LaunchScreen.storyboard in Resources */ = {isa = PBXBuildFile; fileRef = FD7F7AE0224C391C005CF0FC /* LaunchScreen.storyboard */; };
/* End PBXBuildFile section */

/* Begin PBXFileReference section */
		2BCEAADA96D80318659FFD0A /* Pods-HotSeat.release.xcconfig */ = {isa = PBXFileReference; includeInIndex = 1; lastKnownFileType = text.xcconfig; name = "Pods-HotSeat.release.xcconfig"; path = "Pods/Target Support Files/Pods-HotSeat/Pods-HotSeat.release.xcconfig"; sourceTree = "<group>"; };
		9B64756C993C189541D5A05F /* Pods_HotSeat.framework */ = {isa = PBXFileReference; explicitFileType = wrapper.framework; includeInIndex = 0; path = Pods_HotSeat.framework; sourceTree = BUILT_PRODUCTS_DIR; };
		E1DCDA114315B8F19422033F /* Pods-HotSeat.debug.xcconfig */ = {isa = PBXFileReference; includeInIndex = 1; lastKnownFileType = text.xcconfig; name = "Pods-HotSeat.debug.xcconfig"; path = "Pods/Target Support Files/Pods-HotSeat/Pods-HotSeat.debug.xcconfig"; sourceTree = "<group>"; };
		FD4376C6224D0EB200ED20B5 /* ChatRoomViewController.swift */ = {isa = PBXFileReference; lastKnownFileType = sourcecode.swift; path = ChatRoomViewController.swift; sourceTree = "<group>"; };
		FD4376CA224D33AA00ED20B5 /* ChatViewDataSource.swift */ = {isa = PBXFileReference; lastKnownFileType = sourcecode.swift; path = ChatViewDataSource.swift; sourceTree = "<group>"; };
		FD4376CC224D4E4300ED20B5 /* CardsDataSource.swift */ = {isa = PBXFileReference; lastKnownFileType = sourcecode.swift; path = CardsDataSource.swift; sourceTree = "<group>"; };
		FD4376CE224D848B00ED20B5 /* OpenTokSessionClient.swift */ = {isa = PBXFileReference; fileEncoding = 4; lastKnownFileType = sourcecode.swift; path = OpenTokSessionClient.swift; sourceTree = "<group>"; };
		FD4376D1224D84A100ED20B5 /* SubscriberCollectionCell.swift */ = {isa = PBXFileReference; fileEncoding = 4; lastKnownFileType = sourcecode.swift; path = SubscriberCollectionCell.swift; sourceTree = "<group>"; };
		FD4376D2224D84A100ED20B5 /* SubscriberCollectionCellView.xib */ = {isa = PBXFileReference; fileEncoding = 4; lastKnownFileType = file.xib; path = SubscriberCollectionCellView.xib; sourceTree = "<group>"; };
		FD7F7AD2224C391A005CF0FC /* HotSeat.app */ = {isa = PBXFileReference; explicitFileType = wrapper.application; includeInIndex = 0; path = HotSeat.app; sourceTree = BUILT_PRODUCTS_DIR; };
		FD7F7AD5224C391A005CF0FC /* AppDelegate.swift */ = {isa = PBXFileReference; lastKnownFileType = sourcecode.swift; path = AppDelegate.swift; sourceTree = "<group>"; };
		FD7F7ADC224C391A005CF0FC /* Base */ = {isa = PBXFileReference; lastKnownFileType = file.storyboard; name = Base; path = Base.lproj/Main.storyboard; sourceTree = "<group>"; };
		FD7F7ADE224C391C005CF0FC /* Assets.xcassets */ = {isa = PBXFileReference; lastKnownFileType = folder.assetcatalog; path = Assets.xcassets; sourceTree = "<group>"; };
		FD7F7AE1224C391C005CF0FC /* Base */ = {isa = PBXFileReference; lastKnownFileType = file.storyboard; name = Base; path = Base.lproj/LaunchScreen.storyboard; sourceTree = "<group>"; };
		FD7F7AE3224C391C005CF0FC /* Info.plist */ = {isa = PBXFileReference; lastKnownFileType = text.plist.xml; path = Info.plist; sourceTree = "<group>"; };
/* End PBXFileReference section */

/* Begin PBXFrameworksBuildPhase section */
		FD7F7ACF224C391A005CF0FC /* Frameworks */ = {
			isa = PBXFrameworksBuildPhase;
			buildActionMask = 2147483647;
			files = (
				8846D074CECA2B6835238FF7 /* Pods_HotSeat.framework in Frameworks */,
			);
			runOnlyForDeploymentPostprocessing = 0;
		};
/* End PBXFrameworksBuildPhase section */

/* Begin PBXGroup section */
		363C40E309FF418D2DDEF194 /* Frameworks */ = {
			isa = PBXGroup;
			children = (
				9B64756C993C189541D5A05F /* Pods_HotSeat.framework */,
			);
			name = Frameworks;
			sourceTree = "<group>";
		};
		42974F13715A303AF1B4EF10 /* Pods */ = {
			isa = PBXGroup;
			children = (
				E1DCDA114315B8F19422033F /* Pods-HotSeat.debug.xcconfig */,
				2BCEAADA96D80318659FFD0A /* Pods-HotSeat.release.xcconfig */,
			);
			name = Pods;
			sourceTree = "<group>";
		};
		FD4376D0224D84A100ED20B5 /* SubscriberViewUIComponents */ = {
			isa = PBXGroup;
			children = (
				FD4376D1224D84A100ED20B5 /* SubscriberCollectionCell.swift */,
				FD4376D2224D84A100ED20B5 /* SubscriberCollectionCellView.xib */,
			);
			path = SubscriberViewUIComponents;
			sourceTree = "<group>";
		};
		FD7F7AC9224C391A005CF0FC = {
			isa = PBXGroup;
			children = (
				FD7F7AD4224C391A005CF0FC /* HotSeat */,
				FD7F7AD3224C391A005CF0FC /* Products */,
				363C40E309FF418D2DDEF194 /* Frameworks */,
				42974F13715A303AF1B4EF10 /* Pods */,
			);
			sourceTree = "<group>";
		};
		FD7F7AD3224C391A005CF0FC /* Products */ = {
			isa = PBXGroup;
			children = (
				FD7F7AD2224C391A005CF0FC /* HotSeat.app */,
			);
			name = Products;
			sourceTree = "<group>";
		};
		FD7F7AD4224C391A005CF0FC /* HotSeat */ = {
			isa = PBXGroup;
			children = (
				FD4376CE224D848B00ED20B5 /* OpenTokSessionClient.swift */,
				FD7F7AD5224C391A005CF0FC /* AppDelegate.swift */,
				FD4376D0224D84A100ED20B5 /* SubscriberViewUIComponents */,
				FD4376C6224D0EB200ED20B5 /* ChatRoomViewController.swift */,
				FD4376CA224D33AA00ED20B5 /* ChatViewDataSource.swift */,
				FD4376CC224D4E4300ED20B5 /* CardsDataSource.swift */,
				FD7F7ADB224C391A005CF0FC /* Main.storyboard */,
				FD7F7ADE224C391C005CF0FC /* Assets.xcassets */,
				FD7F7AE0224C391C005CF0FC /* LaunchScreen.storyboard */,
				FD7F7AE3224C391C005CF0FC /* Info.plist */,
			);
			path = HotSeat;
			sourceTree = "<group>";
		};
/* End PBXGroup section */

/* Begin PBXNativeTarget section */
		FD7F7AD1224C391A005CF0FC /* HotSeat */ = {
			isa = PBXNativeTarget;
			buildConfigurationList = FD7F7AE6224C391C005CF0FC /* Build configuration list for PBXNativeTarget "HotSeat" */;
			buildPhases = (
				5ED4606B5699E838C2E6FC38 /* [CP] Check Pods Manifest.lock */,
				FD7F7ACE224C391A005CF0FC /* Sources */,
				FD7F7ACF224C391A005CF0FC /* Frameworks */,
				FD7F7AD0224C391A005CF0FC /* Resources */,
			);
			buildRules = (
			);
			dependencies = (
			);
			name = HotSeat;
			productName = HotSeat;
			productReference = FD7F7AD2224C391A005CF0FC /* HotSeat.app */;
			productType = "com.apple.product-type.application";
		};
/* End PBXNativeTarget section */

/* Begin PBXProject section */
		FD7F7ACA224C391A005CF0FC /* Project object */ = {
			isa = PBXProject;
			attributes = {
				LastSwiftUpdateCheck = 1020;
				LastUpgradeCheck = 1020;
				ORGANIZATIONNAME = "Miguel Salinas";
				TargetAttributes = {
					FD7F7AD1224C391A005CF0FC = {
						CreatedOnToolsVersion = 10.2;
					};
				};
			};
			buildConfigurationList = FD7F7ACD224C391A005CF0FC /* Build configuration list for PBXProject "HotSeat" */;
			compatibilityVersion = "Xcode 9.3";
			developmentRegion = en;
			hasScannedForEncodings = 0;
			knownRegions = (
				en,
				Base,
			);
			mainGroup = FD7F7AC9224C391A005CF0FC;
			productRefGroup = FD7F7AD3224C391A005CF0FC /* Products */;
			projectDirPath = "";
			projectRoot = "";
			targets = (
				FD7F7AD1224C391A005CF0FC /* HotSeat */,
			);
		};
/* End PBXProject section */

/* Begin PBXResourcesBuildPhase section */
		FD7F7AD0224C391A005CF0FC /* Resources */ = {
			isa = PBXResourcesBuildPhase;
			buildActionMask = 2147483647;
			files = (
				FD4376D4224D84A100ED20B5 /* SubscriberCollectionCellView.xib in Resources */,
				FD7F7AE2224C391C005CF0FC /* LaunchScreen.storyboard in Resources */,
				FD7F7ADF224C391C005CF0FC /* Assets.xcassets in Resources */,
				FD7F7ADD224C391A005CF0FC /* Main.storyboard in Resources */,
			);
			runOnlyForDeploymentPostprocessing = 0;
		};
/* End PBXResourcesBuildPhase section */

/* Begin PBXShellScriptBuildPhase section */
		5ED4606B5699E838C2E6FC38 /* [CP] Check Pods Manifest.lock */ = {
			isa = PBXShellScriptBuildPhase;
			buildActionMask = 2147483647;
			files = (
			);
			inputPaths = (
				"${PODS_PODFILE_DIR_PATH}/Podfile.lock",
				"${PODS_ROOT}/Manifest.lock",
			);
			name = "[CP] Check Pods Manifest.lock";
			outputPaths = (
				"$(DERIVED_FILE_DIR)/Pods-HotSeat-checkManifestLockResult.txt",
			);
			runOnlyForDeploymentPostprocessing = 0;
			shellPath = /bin/sh;
			shellScript = "diff \"${PODS_PODFILE_DIR_PATH}/Podfile.lock\" \"${PODS_ROOT}/Manifest.lock\" > /dev/null\nif [ $? != 0 ] ; then\n    # print error to STDERR\n    echo \"error: The sandbox is not in sync with the Podfile.lock. Run 'pod install' or update your CocoaPods installation.\" >&2\n    exit 1\nfi\n# This output is used by Xcode 'outputs' to avoid re-running this script phase.\necho \"SUCCESS\" > \"${SCRIPT_OUTPUT_FILE_0}\"\n";
			showEnvVarsInLog = 0;
		};
/* End PBXShellScriptBuildPhase section */

/* Begin PBXSourcesBuildPhase section */
		FD7F7ACE224C391A005CF0FC /* Sources */ = {
			isa = PBXSourcesBuildPhase;
			buildActionMask = 2147483647;
			files = (
				FD4376CF224D848B00ED20B5 /* OpenTokSessionClient.swift in Sources */,
				FD4376CD224D4E4300ED20B5 /* CardsDataSource.swift in Sources */,
				FD7F7AD6224C391A005CF0FC /* AppDelegate.swift in Sources */,
				FD4376C7224D0EB200ED20B5 /* ChatRoomViewController.swift in Sources */,
				FD4376D3224D84A100ED20B5 /* SubscriberCollectionCell.swift in Sources */,
				FD4376CB224D33AA00ED20B5 /* ChatViewDataSource.swift in Sources */,
			);
			runOnlyForDeploymentPostprocessing = 0;
		};
/* End PBXSourcesBuildPhase section */

/* Begin PBXVariantGroup section */
		FD7F7ADB224C391A005CF0FC /* Main.storyboard */ = {
			isa = PBXVariantGroup;
			children = (
				FD7F7ADC224C391A005CF0FC /* Base */,
			);
			name = Main.storyboard;
			sourceTree = "<group>";
		};
		FD7F7AE0224C391C005CF0FC /* LaunchScreen.storyboard */ = {
			isa = PBXVariantGroup;
			children = (
				FD7F7AE1224C391C005CF0FC /* Base */,
			);
			name = LaunchScreen.storyboard;
			sourceTree = "<group>";
		};
/* End PBXVariantGroup section */

/* Begin XCBuildConfiguration section */
		FD7F7AE4224C391C005CF0FC /* Debug */ = {
			isa = XCBuildConfiguration;
			buildSettings = {
				ALWAYS_SEARCH_USER_PATHS = NO;
				CLANG_ANALYZER_NONNULL = YES;
				CLANG_ANALYZER_NUMBER_OBJECT_CONVERSION = YES_AGGRESSIVE;
				CLANG_CXX_LANGUAGE_STANDARD = "gnu++14";
				CLANG_CXX_LIBRARY = "libc++";
				CLANG_ENABLE_MODULES = YES;
				CLANG_ENABLE_OBJC_ARC = YES;
				CLANG_ENABLE_OBJC_WEAK = YES;
				CLANG_WARN_BLOCK_CAPTURE_AUTORELEASING = YES;
				CLANG_WARN_BOOL_CONVERSION = YES;
				CLANG_WARN_COMMA = YES;
				CLANG_WARN_CONSTANT_CONVERSION = YES;
				CLANG_WARN_DEPRECATED_OBJC_IMPLEMENTATIONS = YES;
				CLANG_WARN_DIRECT_OBJC_ISA_USAGE = YES_ERROR;
				CLANG_WARN_DOCUMENTATION_COMMENTS = YES;
				CLANG_WARN_EMPTY_BODY = YES;
				CLANG_WARN_ENUM_CONVERSION = YES;
				CLANG_WARN_INFINITE_RECURSION = YES;
				CLANG_WARN_INT_CONVERSION = YES;
				CLANG_WARN_NON_LITERAL_NULL_CONVERSION = YES;
				CLANG_WARN_OBJC_IMPLICIT_RETAIN_SELF = YES;
				CLANG_WARN_OBJC_LITERAL_CONVERSION = YES;
				CLANG_WARN_OBJC_ROOT_CLASS = YES_ERROR;
				CLANG_WARN_RANGE_LOOP_ANALYSIS = YES;
				CLANG_WARN_STRICT_PROTOTYPES = YES;
				CLANG_WARN_SUSPICIOUS_MOVE = YES;
				CLANG_WARN_UNGUARDED_AVAILABILITY = YES_AGGRESSIVE;
				CLANG_WARN_UNREACHABLE_CODE = YES;
				CLANG_WARN__DUPLICATE_METHOD_MATCH = YES;
				CODE_SIGN_IDENTITY = "iPhone Developer";
				COPY_PHASE_STRIP = NO;
				DEBUG_INFORMATION_FORMAT = dwarf;
				ENABLE_STRICT_OBJC_MSGSEND = YES;
				ENABLE_TESTABILITY = YES;
				GCC_C_LANGUAGE_STANDARD = gnu11;
				GCC_DYNAMIC_NO_PIC = NO;
				GCC_NO_COMMON_BLOCKS = YES;
				GCC_OPTIMIZATION_LEVEL = 0;
				GCC_PREPROCESSOR_DEFINITIONS = (
					"DEBUG=1",
					"$(inherited)",
				);
				GCC_WARN_64_TO_32_BIT_CONVERSION = YES;
				GCC_WARN_ABOUT_RETURN_TYPE = YES_ERROR;
				GCC_WARN_UNDECLARED_SELECTOR = YES;
				GCC_WARN_UNINITIALIZED_AUTOS = YES_AGGRESSIVE;
				GCC_WARN_UNUSED_FUNCTION = YES;
				GCC_WARN_UNUSED_VARIABLE = YES;
				IPHONEOS_DEPLOYMENT_TARGET = 11.4;
				MTL_ENABLE_DEBUG_INFO = INCLUDE_SOURCE;
				MTL_FAST_MATH = YES;
				ONLY_ACTIVE_ARCH = YES;
				SDKROOT = iphoneos;
				SWIFT_ACTIVE_COMPILATION_CONDITIONS = DEBUG;
				SWIFT_OPTIMIZATION_LEVEL = "-Onone";
				SWIFT_VERSION = 4.2;
			};
			name = Debug;
		};
		FD7F7AE5224C391C005CF0FC /* Release */ = {
			isa = XCBuildConfiguration;
			buildSettings = {
				ALWAYS_SEARCH_USER_PATHS = NO;
				CLANG_ANALYZER_NONNULL = YES;
				CLANG_ANALYZER_NUMBER_OBJECT_CONVERSION = YES_AGGRESSIVE;
				CLANG_CXX_LANGUAGE_STANDARD = "gnu++14";
				CLANG_CXX_LIBRARY = "libc++";
				CLANG_ENABLE_MODULES = YES;
				CLANG_ENABLE_OBJC_ARC = YES;
				CLANG_ENABLE_OBJC_WEAK = YES;
				CLANG_WARN_BLOCK_CAPTURE_AUTORELEASING = YES;
				CLANG_WARN_BOOL_CONVERSION = YES;
				CLANG_WARN_COMMA = YES;
				CLANG_WARN_CONSTANT_CONVERSION = YES;
				CLANG_WARN_DEPRECATED_OBJC_IMPLEMENTATIONS = YES;
				CLANG_WARN_DIRECT_OBJC_ISA_USAGE = YES_ERROR;
				CLANG_WARN_DOCUMENTATION_COMMENTS = YES;
				CLANG_WARN_EMPTY_BODY = YES;
				CLANG_WARN_ENUM_CONVERSION = YES;
				CLANG_WARN_INFINITE_RECURSION = YES;
				CLANG_WARN_INT_CONVERSION = YES;
				CLANG_WARN_NON_LITERAL_NULL_CONVERSION = YES;
				CLANG_WARN_OBJC_IMPLICIT_RETAIN_SELF = YES;
				CLANG_WARN_OBJC_LITERAL_CONVERSION = YES;
				CLANG_WARN_OBJC_ROOT_CLASS = YES_ERROR;
				CLANG_WARN_RANGE_LOOP_ANALYSIS = YES;
				CLANG_WARN_STRICT_PROTOTYPES = YES;
				CLANG_WARN_SUSPICIOUS_MOVE = YES;
				CLANG_WARN_UNGUARDED_AVAILABILITY = YES_AGGRESSIVE;
				CLANG_WARN_UNREACHABLE_CODE = YES;
				CLANG_WARN__DUPLICATE_METHOD_MATCH = YES;
				CODE_SIGN_IDENTITY = "iPhone Developer";
				COPY_PHASE_STRIP = NO;
				DEBUG_INFORMATION_FORMAT = "dwarf-with-dsym";
				ENABLE_NS_ASSERTIONS = NO;
				ENABLE_STRICT_OBJC_MSGSEND = YES;
				GCC_C_LANGUAGE_STANDARD = gnu11;
				GCC_NO_COMMON_BLOCKS = YES;
				GCC_WARN_64_TO_32_BIT_CONVERSION = YES;
				GCC_WARN_ABOUT_RETURN_TYPE = YES_ERROR;
				GCC_WARN_UNDECLARED_SELECTOR = YES;
				GCC_WARN_UNINITIALIZED_AUTOS = YES_AGGRESSIVE;
				GCC_WARN_UNUSED_FUNCTION = YES;
				GCC_WARN_UNUSED_VARIABLE = YES;
				IPHONEOS_DEPLOYMENT_TARGET = 11.4;
				MTL_ENABLE_DEBUG_INFO = NO;
				MTL_FAST_MATH = YES;
				SDKROOT = iphoneos;
				SWIFT_COMPILATION_MODE = wholemodule;
				SWIFT_OPTIMIZATION_LEVEL = "-O";
				SWIFT_VERSION = 4.2;
				VALIDATE_PRODUCT = YES;
			};
			name = Release;
		};
		FD7F7AE7224C391C005CF0FC /* Debug */ = {
			isa = XCBuildConfiguration;
			baseConfigurationReference = E1DCDA114315B8F19422033F /* Pods-HotSeat.debug.xcconfig */;
			buildSettings = {
				ASSETCATALOG_COMPILER_APPICON_NAME = AppIcon;
				CODE_SIGN_IDENTITY = "iPhone Developer";
				CODE_SIGN_STYLE = Automatic;
				DEVELOPMENT_TEAM = 79MDW22ZFZ;
				INFOPLIST_FILE = HotSeat/Info.plist;
				IPHONEOS_DEPLOYMENT_TARGET = 11.4;
				LD_RUNPATH_SEARCH_PATHS = (
					"$(inherited)",
					"@executable_path/Frameworks",
				);
				PRODUCT_BUNDLE_IDENTIFIER = "Miguel-Salinas.HotSeat";
				PRODUCT_NAME = "$(TARGET_NAME)";
				PROVISIONING_PROFILE_SPECIFIER = "";
				SWIFT_VERSION = 4.2;
				TARGETED_DEVICE_FAMILY = "1,2";
			};
			name = Debug;
		};
		FD7F7AE8224C391C005CF0FC /* Release */ = {
			isa = XCBuildConfiguration;
			baseConfigurationReference = 2BCEAADA96D80318659FFD0A /* Pods-HotSeat.release.xcconfig */;
			buildSettings = {
				ASSETCATALOG_COMPILER_APPICON_NAME = AppIcon;
				CODE_SIGN_IDENTITY = "iPhone Developer";
				CODE_SIGN_STYLE = Automatic;
				DEVELOPMENT_TEAM = 79MDW22ZFZ;
				INFOPLIST_FILE = HotSeat/Info.plist;
				IPHONEOS_DEPLOYMENT_TARGET = 11.4;
				LD_RUNPATH_SEARCH_PATHS = (
					"$(inherited)",
					"@executable_path/Frameworks",
				);
				PRODUCT_BUNDLE_IDENTIFIER = "Miguel-Salinas.HotSeat";
				PRODUCT_NAME = "$(TARGET_NAME)";
				PROVISIONING_PROFILE_SPECIFIER = "";
				SWIFT_VERSION = 4.2;
				TARGETED_DEVICE_FAMILY = "1,2";
			};
			name = Release;
		};
/* End XCBuildConfiguration section */

/* Begin XCConfigurationList section */
		FD7F7ACD224C391A005CF0FC /* Build configuration list for PBXProject "HotSeat" */ = {
			isa = XCConfigurationList;
			buildConfigurations = (
				FD7F7AE4224C391C005CF0FC /* Debug */,
				FD7F7AE5224C391C005CF0FC /* Release */,
			);
			defaultConfigurationIsVisible = 0;
			defaultConfigurationName = Release;
		};
		FD7F7AE6224C391C005CF0FC /* Build configuration list for PBXNativeTarget "HotSeat" */ = {
			isa = XCConfigurationList;
			buildConfigurations = (
				FD7F7AE7224C391C005CF0FC /* Debug */,
				FD7F7AE8224C391C005CF0FC /* Release */,
			);
			defaultConfigurationIsVisible = 0;
			defaultConfigurationName = Release;
		};
/* End XCConfigurationList section */
	};
	rootObject = FD7F7ACA224C391A005CF0FC /* Project object */;
}
